PODS:
  - Flutter (1.0.0)
  - flutter_custom_tabs_ios (2.4.0):
    - Flutter
  - flutter_inappwebview_ios (0.0.1):
    - Flutter
    - flutter_inappwebview_ios/Core (= 0.0.1)
    - OrderedSet (~> 6.0.3)
  - flutter_inappwebview_ios/Core (0.0.1):
    - Flutter
    - OrderedSet (~> 6.0.3)
  - OrderedSet (6.0.3)
  - permission_handler_apple (9.3.0):
    - Flutter
  - url_launcher_ios (0.0.1):
    - Flutter

DEPENDENCIES:
  - Flutter (from `Flutter`)
  - flutter_custom_tabs_ios (from `.symlinks/plugins/flutter_custom_tabs_ios/ios`)
  - flutter_inappwebview_ios (from `.symlinks/plugins/flutter_inappwebview_ios/ios`)
  - permission_handler_apple (from `.symlinks/plugins/permission_handler_apple/ios`)
  - url_launcher_ios (from `.symlinks/plugins/url_launcher_ios/ios`)

SPEC REPOS:
  trunk:
    - OrderedSet

EXTERNAL SOURCES:
  Flutter:
    :path: Flutter
  flutter_custom_tabs_ios:
    :path: ".symlinks/plugins/flutter_custom_tabs_ios/ios"
  flutter_inappwebview_ios:
    :path: ".symlinks/plugins/flutter_inappwebview_ios/ios"
  permission_handler_apple:
    :path: ".symlinks/plugins/permission_handler_apple/ios"
  url_launcher_ios:
    :path: ".symlinks/plugins/url_launcher_ios/ios"

SPEC CHECKSUMS:
  Flutter: cabc95a1d2626b1b06e7179b784ebcf0c0cde467
  flutter_custom_tabs_ios: 87333f36c33a5971502766aca2f6ff4823b09bda
  flutter_inappwebview_ios: b89ba3482b96fb25e00c967aae065701b66e9b99
  OrderedSet: e539b66b644ff081c73a262d24ad552a69be3a94
  permission_handler_apple: 4ed2196e43d0651e8ff7ca3483a069d469701f2d
  url_launcher_ios: 694010445543906933d732453a59da0a173ae33d

PODFILE CHECKSUM: aa3aa6418c602460f3ad4a0fec32ce5e82566076

COCOAPODS: 1.16.2
